
Microsoft Visual Studio Solution File, Format Version 12.00
# Visual Studio 2013
VisualStudioVersion = 12.0.31101.0
MinimumVisualStudioVersion = 10.0.40219.1
Project("{FAE04EC0-301F-11D3-BF4B-00C04F79EFBC}") = "TestRedis", "TestRedis\TestRedis.csproj", "{7B238209-CD42-435C-BE6A-9BB13FE63581}"
EndProject
Project("{FAE04EC0-301F-11D3-BF4B-00C04F79EFBC}") = "CacheProviderCore", "RedisCacheCore\CacheProviderCore.csproj", "{7FD974D8-DF76-4B58-86D7-4243EC2060F5}"
EndProject
Project("{FAE04EC0-301F-11D3-BF4B-00C04F79EFBC}") = "CacheStoreUnitTests", "CacheStoreUnitTests\CacheStoreUnitTests.csproj", "{4E472641-7C5C-40FA-B029-1FD477B52F83}"
EndProject
Global
	GlobalSection(SolutionConfigurationPlatforms) = preSolution
		Debug|Any CPU = Debug|Any CPU
		Log Output|Any CPU = Log Output|Any CPU
		Release|Any CPU = Release|Any CPU
		Verbose|Any CPU = Verbose|Any CPU
	EndGlobalSection
	GlobalSection(ProjectConfigurationPlatforms) = postSolution
		{7B238209-CD42-435C-BE6A-9BB13FE63581}.Debug|Any CPU.ActiveCfg = Debug|Any CPU
		{7B238209-CD42-435C-BE6A-9BB13FE63581}.Debug|Any CPU.Build.0 = Debug|Any CPU
		{7B238209-CD42-435C-BE6A-9BB13FE63581}.Log Output|Any CPU.ActiveCfg = Release|Any CPU
		{7B238209-CD42-435C-BE6A-9BB13FE63581}.Log Output|Any CPU.Build.0 = Release|Any CPU
		{7B238209-CD42-435C-BE6A-9BB13FE63581}.Release|Any CPU.ActiveCfg = Release|Any CPU
		{7B238209-CD42-435C-BE6A-9BB13FE63581}.Release|Any CPU.Build.0 = Release|Any CPU
		{7B238209-CD42-435C-BE6A-9BB13FE63581}.Verbose|Any CPU.ActiveCfg = Release|Any CPU
		{7B238209-CD42-435C-BE6A-9BB13FE63581}.Verbose|Any CPU.Build.0 = Release|Any CPU
		{7FD974D8-DF76-4B58-86D7-4243EC2060F5}.Debug|Any CPU.ActiveCfg = Debug|Any CPU
		{7FD974D8-DF76-4B58-86D7-4243EC2060F5}.Debug|Any CPU.Build.0 = Debug|Any CPU
		{7FD974D8-DF76-4B58-86D7-4243EC2060F5}.Log Output|Any CPU.ActiveCfg = Release|Any CPU
		{7FD974D8-DF76-4B58-86D7-4243EC2060F5}.Log Output|Any CPU.Build.0 = Release|Any CPU
		{7FD974D8-DF76-4B58-86D7-4243EC2060F5}.Release|Any CPU.ActiveCfg = Release|Any CPU
		{7FD974D8-DF76-4B58-86D7-4243EC2060F5}.Release|Any CPU.Build.0 = Release|Any CPU
		{7FD974D8-DF76-4B58-86D7-4243EC2060F5}.Verbose|Any CPU.ActiveCfg = Release|Any CPU
		{7FD974D8-DF76-4B58-86D7-4243EC2060F5}.Verbose|Any CPU.Build.0 = Release|Any CPU
		{4E472641-7C5C-40FA-B029-1FD477B52F83}.Debug|Any CPU.ActiveCfg = Debug|Any CPU
		{4E472641-7C5C-40FA-B029-1FD477B52F83}.Debug|Any CPU.Build.0 = Debug|Any CPU
		{4E472641-7C5C-40FA-B029-1FD477B52F83}.Log Output|Any CPU.ActiveCfg = Release|Any CPU
		{4E472641-7C5C-40FA-B029-1FD477B52F83}.Log Output|Any CPU.Build.0 = Release|Any CPU
		{4E472641-7C5C-40FA-B029-1FD477B52F83}.Release|Any CPU.ActiveCfg = Release|Any CPU
		{4E472641-7C5C-40FA-B029-1FD477B52F83}.Release|Any CPU.Build.0 = Release|Any CPU
		{4E472641-7C5C-40FA-B029-1FD477B52F83}.Verbose|Any CPU.ActiveCfg = Release|Any CPU
		{4E472641-7C5C-40FA-B029-1FD477B52F83}.Verbose|Any CPU.Build.0 = Release|Any CPU
	EndGlobalSection
	GlobalSection(SolutionProperties) = preSolution
		HideSolutionNode = FALSE
	EndGlobalSection
EndGlobal
